
Microsoft Visual Studio Solution File, Format Version 12.00
# Visual Studio 15
Project("{FAE04EC0-301F-11D3-BF4B-00C04F79EFBC}") = "PruebaTecnica.Web", "PruebaTecnica\PruebaTecnica.Web.csproj", "{0EF17CBB-376C-4671-82CC-82EE44234FDE}"
EndProject
Project("{2150E333-8FDC-42A3-9474-1A3956D46DE8}") = "PruebaTecnica.Web", "PruebaTecnica.Web", "{5A37B394-8137-42B4-B355-B213F2AF6788}"
EndProject
Project("{2150E333-8FDC-42A3-9474-1A3956D46DE8}") = "PruebaTecnica.core", "PruebaTecnica.core", "{D67F2D6E-8409-44DF-B828-19EBA405791C}"
EndProject
Project("{FAE04EC0-301F-11D3-BF4B-00C04F79EFBC}") = "PruebaTecnica.Core", "PruebaTecnica.Core\PruebaTecnica.Core.csproj", "{E67937CE-A4CF-4812-8B99-3A686D8BC6C1}"
EndProject
Global
	GlobalSection(SolutionConfigurationPlatforms) = preSolution
		Debug|Any CPU = Debug|Any CPU
		Release|Any CPU = Release|Any CPU
	EndGlobalSection
	GlobalSection(ProjectConfigurationPlatforms) = postSolution
		{0EF17CBB-376C-4671-82CC-82EE44234FDE}.Debug|Any CPU.ActiveCfg = Debug|Any CPU
		{0EF17CBB-376C-4671-82CC-82EE44234FDE}.Debug|Any CPU.Build.0 = Debug|Any CPU
		{0EF17CBB-376C-4671-82CC-82EE44234FDE}.Release|Any CPU.ActiveCfg = Release|Any CPU
		{0EF17CBB-376C-4671-82CC-82EE44234FDE}.Release|Any CPU.Build.0 = Release|Any CPU
		{E67937CE-A4CF-4812-8B99-3A686D8BC6C1}.Debug|Any CPU.ActiveCfg = Debug|Any CPU
		{E67937CE-A4CF-4812-8B99-3A686D8BC6C1}.Debug|Any CPU.Build.0 = Debug|Any CPU
		{E67937CE-A4CF-4812-8B99-3A686D8BC6C1}.Release|Any CPU.ActiveCfg = Release|Any CPU
		{E67937CE-A4CF-4812-8B99-3A686D8BC6C1}.Release|Any CPU.Build.0 = Release|Any CPU
	EndGlobalSection
	GlobalSection(NestedProjects) = preSolution
		{0EF17CBB-376C-4671-82CC-82EE44234FDE} = {5A37B394-8137-42B4-B355-B213F2AF6788}
		{E67937CE-A4CF-4812-8B99-3A686D8BC6C1} = {D67F2D6E-8409-44DF-B828-19EBA405791C}
	EndGlobalSection
EndGlobal
